
Microsoft Visual Studio Solution File, Format Version 12.00
# Visual Studio Version 17
VisualStudioVersion = 17.9.34622.214
MinimumVisualStudioVersion = 10.0.40219.1
Project("{9A19103F-16F7-4668-BE54-9A1E7A4F7556}") = "TC_Kimlik_Dogrulama", "TC_Kimlik_Dogrulama\TC_Kimlik_Dogrulama.csproj", "{F634E083-5CC5-4FF9-A5E9-A521B0A65A2F}"
EndProject
Global
	GlobalSection(SolutionConfigurationPlatforms) = preSolution
		Debug|Any CPU = Debug|Any CPU
		Release|Any CPU = Release|Any CPU
	EndGlobalSection
	GlobalSection(ProjectConfigurationPlatforms) = postSolution
		{F634E083-5CC5-4FF9-A5E9-A521B0A65A2F}.Debug|Any CPU.ActiveCfg = Debug|Any CPU
		{F634E083-5CC5-4FF9-A5E9-A521B0A65A2F}.Debug|Any CPU.Build.0 = Debug|Any CPU
		{F634E083-5CC5-4FF9-A5E9-A521B0A65A2F}.Release|Any CPU.ActiveCfg = Release|Any CPU
		{F634E083-5CC5-4FF9-A5E9-A521B0A65A2F}.Release|Any CPU.Build.0 = Release|Any CPU
	EndGlobalSection
	GlobalSection(SolutionProperties) = preSolution
		HideSolutionNode = FALSE
	EndGlobalSection
	GlobalSection(ExtensibilityGlobals) = postSolution
		SolutionGuid = {5DF94D56-16C4-47D1-BDAD-F61F29EA24C0}
	EndGlobalSection
EndGlobal
